// !$*UTF8*$!
{
	archiveVersion = 1;
	classes = {
	};
	objectVersion = 56;
	objects = {

/* Begin PBXBuildFile section */
		3904AFE12A3B1370004FE94C /* AverageColorExtension.swift in Sources */ = {isa = PBXBuildFile; fileRef = 3904AFE02A3B1370004FE94C /* AverageColorExtension.swift */; };
		390BE47F2A3A29B2004B1716 /* BookEntity+CoreDataClass.swift in Sources */ = {isa = PBXBuildFile; fileRef = 390BE47B2A3A29B2004B1716 /* BookEntity+CoreDataClass.swift */; };
		390BE4802A3A29B2004B1716 /* BookEntity+CoreDataProperties.swift in Sources */ = {isa = PBXBuildFile; fileRef = 390BE47C2A3A29B2004B1716 /* BookEntity+CoreDataProperties.swift */; };
		390BE4812A3A29B2004B1716 /* UserListEntity+CoreDataClass.swift in Sources */ = {isa = PBXBuildFile; fileRef = 390BE47D2A3A29B2004B1716 /* UserListEntity+CoreDataClass.swift */; };
		390BE4822A3A29B2004B1716 /* UserListEntity+CoreDataProperties.swift in Sources */ = {isa = PBXBuildFile; fileRef = 390BE47E2A3A29B2004B1716 /* UserListEntity+CoreDataProperties.swift */; };
		390BE4842A3A2B2E004B1716 /* AddBookToCustomListView.swift in Sources */ = {isa = PBXBuildFile; fileRef = 390BE4832A3A2B2E004B1716 /* AddBookToCustomListView.swift */; };
		390FE1082A34694700E3A84E /* LibraryDataModel.xcdatamodeld in Sources */ = {isa = PBXBuildFile; fileRef = 390FE1062A34694700E3A84E /* LibraryDataModel.xcdatamodeld */; };
		390FE1302A34715000E3A84E /* DataController.swift in Sources */ = {isa = PBXBuildFile; fileRef = 390FE12F2A34715000E3A84E /* DataController.swift */; };
		391849842A3707D700E34E4D /* BookRatingView.swift in Sources */ = {isa = PBXBuildFile; fileRef = 391849832A3707D700E34E4D /* BookRatingView.swift */; };
		391849862A370A1000E34E4D /* ExploreBookView.swift in Sources */ = {isa = PBXBuildFile; fileRef = 391849852A370A1000E34E4D /* ExploreBookView.swift */; };
		3930D9492A38673C00027A95 /* ReviewEditView.swift in Sources */ = {isa = PBXBuildFile; fileRef = 3930D9482A38673C00027A95 /* ReviewEditView.swift */; };
		3930D94B2A38720E00027A95 /* InProgressView.swift in Sources */ = {isa = PBXBuildFile; fileRef = 3930D94A2A38720E00027A95 /* InProgressView.swift */; };
		3930D94D2A3872B800027A95 /* FinishedBooksView.swift in Sources */ = {isa = PBXBuildFile; fileRef = 3930D94C2A3872B800027A95 /* FinishedBooksView.swift */; };
		3936EEA62A39A63F00FB2144 /* LoanBookView.swift in Sources */ = {isa = PBXBuildFile; fileRef = 3936EEA52A39A63F00FB2144 /* LoanBookView.swift */; };
		3936EEA82A39A9C600FB2144 /* LoanedBooksListView.swift in Sources */ = {isa = PBXBuildFile; fileRef = 3936EEA72A39A9C600FB2144 /* LoanedBooksListView.swift */; };
		3936EEB22A39C67E00FB2144 /* UserListView.swift in Sources */ = {isa = PBXBuildFile; fileRef = 3936EEB12A39C67E00FB2144 /* UserListView.swift */; };
		3936EEB42A39C7A400FB2144 /* NewListView.swift in Sources */ = {isa = PBXBuildFile; fileRef = 3936EEB32A39C7A400FB2144 /* NewListView.swift */; };
		394B41CA2A31E65600FB3797 /* AllBooksView.swift in Sources */ = {isa = PBXBuildFile; fileRef = 394B41C92A31E65600FB3797 /* AllBooksView.swift */; };
		394CC9F62A37829200994E32 /* ProgressEditView.swift in Sources */ = {isa = PBXBuildFile; fileRef = 394CC9F52A37829200994E32 /* ProgressEditView.swift */; };
		396EF3482A3A3880007B46C3 /* DataModel.swift in Sources */ = {isa = PBXBuildFile; fileRef = 396EF3472A3A3880007B46C3 /* DataModel.swift */; };
		39B118A42A31D9DB007BAA63 /* HomeShelfApp.swift in Sources */ = {isa = PBXBuildFile; fileRef = 39B118A32A31D9DB007BAA63 /* HomeShelfApp.swift */; };
		39B118A62A31D9DB007BAA63 /* ContentView.swift in Sources */ = {isa = PBXBuildFile; fileRef = 39B118A52A31D9DB007BAA63 /* ContentView.swift */; };
		39B118A82A31D9DD007BAA63 /* Assets.xcassets in Resources */ = {isa = PBXBuildFile; fileRef = 39B118A72A31D9DD007BAA63 /* Assets.xcassets */; };
		39B118AB2A31D9DD007BAA63 /* Preview Assets.xcassets in Resources */ = {isa = PBXBuildFile; fileRef = 39B118AA2A31D9DD007BAA63 /* Preview Assets.xcassets */; };
		39B118B62A31D9DE007BAA63 /* HomeShelfTests.swift in Sources */ = {isa = PBXBuildFile; fileRef = 39B118B52A31D9DE007BAA63 /* HomeShelfTests.swift */; };
		39B118C02A31D9DE007BAA63 /* HomeShelfUITests.swift in Sources */ = {isa = PBXBuildFile; fileRef = 39B118BF2A31D9DE007BAA63 /* HomeShelfUITests.swift */; };
		39B118C22A31D9DE007BAA63 /* HomeShelfUITestsLaunchTests.swift in Sources */ = {isa = PBXBuildFile; fileRef = 39B118C12A31D9DE007BAA63 /* HomeShelfUITestsLaunchTests.swift */; };
		39D86A972A3C89D900AB028D /* NewBookViewModel.swift in Sources */ = {isa = PBXBuildFile; fileRef = 39D86A962A3C89D900AB028D /* NewBookViewModel.swift */; };
		39D86A992A3C910C00AB028D /* NewBookEntryField.swift in Sources */ = {isa = PBXBuildFile; fileRef = 39D86A982A3C910C00AB028D /* NewBookEntryField.swift */; };
		39EA02FB2A35B99F00C2EFA2 /* BookCardView.swift in Sources */ = {isa = PBXBuildFile; fileRef = 39EA02FA2A35B99F00C2EFA2 /* BookCardView.swift */; };
		39ECAFB42A387AD6003F0E35 /* FavoriteBooksView.swift in Sources */ = {isa = PBXBuildFile; fileRef = 39ECAFB32A387AD6003F0E35 /* FavoriteBooksView.swift */; };
		39ECAFB62A387F6F003F0E35 /* WantToReadView.swift in Sources */ = {isa = PBXBuildFile; fileRef = 39ECAFB52A387F6F003F0E35 /* WantToReadView.swift */; };
		39ED86782A33304E001F7580 /* NewBookView.swift in Sources */ = {isa = PBXBuildFile; fileRef = 39ED86772A33304E001F7580 /* NewBookView.swift */; };
/* End PBXBuildFile section */

/* Begin PBXContainerItemProxy section */
		39B118B22A31D9DE007BAA63 /* PBXContainerItemProxy */ = {
			isa = PBXContainerItemProxy;
			containerPortal = 39B118982A31D9DB007BAA63 /* Project object */;
			proxyType = 1;
			remoteGlobalIDString = 39B1189F2A31D9DB007BAA63;
			remoteInfo = HomeShelf;
		};
		39B118BC2A31D9DE007BAA63 /* PBXContainerItemProxy */ = {
			isa = PBXContainerItemProxy;
			containerPortal = 39B118982A31D9DB007BAA63 /* Project object */;
			proxyType = 1;
			remoteGlobalIDString = 39B1189F2A31D9DB007BAA63;
			remoteInfo = HomeShelf;
		};
/* End PBXContainerItemProxy section */

/* Begin PBXFileReference section */
		3904AFE02A3B1370004FE94C /* AverageColorExtension.swift */ = {isa = PBXFileReference; lastKnownFileType = sourcecode.swift; path = AverageColorExtension.swift; sourceTree = "<group>"; };
		390BE47B2A3A29B2004B1716 /* BookEntity+CoreDataClass.swift */ = {isa = PBXFileReference; lastKnownFileType = sourcecode.swift; path = "BookEntity+CoreDataClass.swift"; sourceTree = "<group>"; };
		390BE47C2A3A29B2004B1716 /* BookEntity+CoreDataProperties.swift */ = {isa = PBXFileReference; lastKnownFileType = sourcecode.swift; path = "BookEntity+CoreDataProperties.swift"; sourceTree = "<group>"; };
		390BE47D2A3A29B2004B1716 /* UserListEntity+CoreDataClass.swift */ = {isa = PBXFileReference; lastKnownFileType = sourcecode.swift; path = "UserListEntity+CoreDataClass.swift"; sourceTree = "<group>"; };
		390BE47E2A3A29B2004B1716 /* UserListEntity+CoreDataProperties.swift */ = {isa = PBXFileReference; lastKnownFileType = sourcecode.swift; path = "UserListEntity+CoreDataProperties.swift"; sourceTree = "<group>"; };
		390BE4832A3A2B2E004B1716 /* AddBookToCustomListView.swift */ = {isa = PBXFileReference; lastKnownFileType = sourcecode.swift; path = AddBookToCustomListView.swift; sourceTree = "<group>"; };
		390FE1072A34694700E3A84E /* LibraryDataModel.xcdatamodel */ = {isa = PBXFileReference; lastKnownFileType = wrapper.xcdatamodel; path = LibraryDataModel.xcdatamodel; sourceTree = "<group>"; };
		390FE12F2A34715000E3A84E /* DataController.swift */ = {isa = PBXFileReference; lastKnownFileType = sourcecode.swift; path = DataController.swift; sourceTree = "<group>"; };
		391849832A3707D700E34E4D /* BookRatingView.swift */ = {isa = PBXFileReference; lastKnownFileType = sourcecode.swift; path = BookRatingView.swift; sourceTree = "<group>"; };
		391849852A370A1000E34E4D /* ExploreBookView.swift */ = {isa = PBXFileReference; lastKnownFileType = sourcecode.swift; path = ExploreBookView.swift; sourceTree = "<group>"; };
		3930D9482A38673C00027A95 /* ReviewEditView.swift */ = {isa = PBXFileReference; lastKnownFileType = sourcecode.swift; path = ReviewEditView.swift; sourceTree = "<group>"; };
		3930D94A2A38720E00027A95 /* InProgressView.swift */ = {isa = PBXFileReference; lastKnownFileType = sourcecode.swift; path = InProgressView.swift; sourceTree = "<group>"; };
		3930D94C2A3872B800027A95 /* FinishedBooksView.swift */ = {isa = PBXFileReference; lastKnownFileType = sourcecode.swift; path = FinishedBooksView.swift; sourceTree = "<group>"; };
		3936EEA52A39A63F00FB2144 /* LoanBookView.swift */ = {isa = PBXFileReference; lastKnownFileType = sourcecode.swift; path = LoanBookView.swift; sourceTree = "<group>"; };
		3936EEA72A39A9C600FB2144 /* LoanedBooksListView.swift */ = {isa = PBXFileReference; lastKnownFileType = sourcecode.swift; path = LoanedBooksListView.swift; sourceTree = "<group>"; };
		3936EEB12A39C67E00FB2144 /* UserListView.swift */ = {isa = PBXFileReference; lastKnownFileType = sourcecode.swift; path = UserListView.swift; sourceTree = "<group>"; };
		3936EEB32A39C7A400FB2144 /* NewListView.swift */ = {isa = PBXFileReference; lastKnownFileType = sourcecode.swift; path = NewListView.swift; sourceTree = "<group>"; };
		394B41C92A31E65600FB3797 /* AllBooksView.swift */ = {isa = PBXFileReference; lastKnownFileType = sourcecode.swift; path = AllBooksView.swift; sourceTree = "<group>"; };
		394CC9F52A37829200994E32 /* ProgressEditView.swift */ = {isa = PBXFileReference; lastKnownFileType = sourcecode.swift; path = ProgressEditView.swift; sourceTree = "<group>"; };
		396EF3472A3A3880007B46C3 /* DataModel.swift */ = {isa = PBXFileReference; lastKnownFileType = sourcecode.swift; path = DataModel.swift; sourceTree = "<group>"; };
		39B118A02A31D9DB007BAA63 /* HomeShelf.app */ = {isa = PBXFileReference; explicitFileType = wrapper.application; includeInIndex = 0; path = HomeShelf.app; sourceTree = BUILT_PRODUCTS_DIR; };
		39B118A32A31D9DB007BAA63 /* HomeShelfApp.swift */ = {isa = PBXFileReference; lastKnownFileType = sourcecode.swift; path = HomeShelfApp.swift; sourceTree = "<group>"; };
		39B118A52A31D9DB007BAA63 /* ContentView.swift */ = {isa = PBXFileReference; lastKnownFileType = sourcecode.swift; path = ContentView.swift; sourceTree = "<group>"; };
		39B118A72A31D9DD007BAA63 /* Assets.xcassets */ = {isa = PBXFileReference; lastKnownFileType = folder.assetcatalog; path = Assets.xcassets; sourceTree = "<group>"; };
		39B118AA2A31D9DD007BAA63 /* Preview Assets.xcassets */ = {isa = PBXFileReference; lastKnownFileType = folder.assetcatalog; path = "Preview Assets.xcassets"; sourceTree = "<group>"; };
		39B118AC2A31D9DD007BAA63 /* HomeShelf.entitlements */ = {isa = PBXFileReference; lastKnownFileType = text.plist.entitlements; path = HomeShelf.entitlements; sourceTree = "<group>"; };
		39B118B12A31D9DE007BAA63 /* HomeShelfTests.xctest */ = {isa = PBXFileReference; explicitFileType = wrapper.cfbundle; includeInIndex = 0; path = HomeShelfTests.xctest; sourceTree = BUILT_PRODUCTS_DIR; };
		39B118B52A31D9DE007BAA63 /* HomeShelfTests.swift */ = {isa = PBXFileReference; lastKnownFileType = sourcecode.swift; path = HomeShelfTests.swift; sourceTree = "<group>"; };
		39B118BB2A31D9DE007BAA63 /* HomeShelfUITests.xctest */ = {isa = PBXFileReference; explicitFileType = wrapper.cfbundle; includeInIndex = 0; path = HomeShelfUITests.xctest; sourceTree = BUILT_PRODUCTS_DIR; };
		39B118BF2A31D9DE007BAA63 /* HomeShelfUITests.swift */ = {isa = PBXFileReference; lastKnownFileType = sourcecode.swift; path = HomeShelfUITests.swift; sourceTree = "<group>"; };
		39B118C12A31D9DE007BAA63 /* HomeShelfUITestsLaunchTests.swift */ = {isa = PBXFileReference; lastKnownFileType = sourcecode.swift; path = HomeShelfUITestsLaunchTests.swift; sourceTree = "<group>"; };
		39D86A962A3C89D900AB028D /* NewBookViewModel.swift */ = {isa = PBXFileReference; lastKnownFileType = sourcecode.swift; path = NewBookViewModel.swift; sourceTree = "<group>"; };
		39D86A982A3C910C00AB028D /* NewBookEntryField.swift */ = {isa = PBXFileReference; lastKnownFileType = sourcecode.swift; path = NewBookEntryField.swift; sourceTree = "<group>"; };
		39EA02FA2A35B99F00C2EFA2 /* BookCardView.swift */ = {isa = PBXFileReference; lastKnownFileType = sourcecode.swift; path = BookCardView.swift; sourceTree = "<group>"; };
		39ECAFB32A387AD6003F0E35 /* FavoriteBooksView.swift */ = {isa = PBXFileReference; lastKnownFileType = sourcecode.swift; path = FavoriteBooksView.swift; sourceTree = "<group>"; };
		39ECAFB52A387F6F003F0E35 /* WantToReadView.swift */ = {isa = PBXFileReference; lastKnownFileType = sourcecode.swift; path = WantToReadView.swift; sourceTree = "<group>"; };
		39ED86772A33304E001F7580 /* NewBookView.swift */ = {isa = PBXFileReference; lastKnownFileType = sourcecode.swift; path = NewBookView.swift; sourceTree = "<group>"; };
/* End PBXFileReference section */

/* Begin PBXFrameworksBuildPhase section */
		39B1189D2A31D9DB007BAA63 /* Frameworks */ = {
			isa = PBXFrameworksBuildPhase;
			buildActionMask = 2147483647;
			files = (
			);
			runOnlyForDeploymentPostprocessing = 0;
		};
		39B118AE2A31D9DE007BAA63 /* Frameworks */ = {
			isa = PBXFrameworksBuildPhase;
			buildActionMask = 2147483647;
			files = (
			);
			runOnlyForDeploymentPostprocessing = 0;
		};
		39B118B82A31D9DE007BAA63 /* Frameworks */ = {
			isa = PBXFrameworksBuildPhase;
			buildActionMask = 2147483647;
			files = (
			);
			runOnlyForDeploymentPostprocessing = 0;
		};
/* End PBXFrameworksBuildPhase section */

/* Begin PBXGroup section */
		396EF3492A3A3BF4007B46C3 /* entities */ = {
			isa = PBXGroup;
			children = (
				390BE47B2A3A29B2004B1716 /* BookEntity+CoreDataClass.swift */,
				390BE47C2A3A29B2004B1716 /* BookEntity+CoreDataProperties.swift */,
				390BE47D2A3A29B2004B1716 /* UserListEntity+CoreDataClass.swift */,
				390BE47E2A3A29B2004B1716 /* UserListEntity+CoreDataProperties.swift */,
			);
			path = entities;
			sourceTree = "<group>";
		};
		396EF34A2A3A3C1E007B46C3 /* views */ = {
			isa = PBXGroup;
			children = (
				39D86A952A3C89BF00AB028D /* view_models */,
				396EF34D2A3A3CE0007B46C3 /* screens */,
				396EF34B2A3A3C4B007B46C3 /* sheets */,
				396EF34C2A3A3CC0007B46C3 /* elements */,
			);
			path = views;
			sourceTree = "<group>";
		};
		396EF34B2A3A3C4B007B46C3 /* sheets */ = {
			isa = PBXGroup;
			children = (
				39ED86772A33304E001F7580 /* NewBookView.swift */,
				394CC9F52A37829200994E32 /* ProgressEditView.swift */,
				3930D9482A38673C00027A95 /* ReviewEditView.swift */,
				3936EEA52A39A63F00FB2144 /* LoanBookView.swift */,
				390BE4832A3A2B2E004B1716 /* AddBookToCustomListView.swift */,
			);
			path = sheets;
			sourceTree = "<group>";
		};
		396EF34C2A3A3CC0007B46C3 /* elements */ = {
			isa = PBXGroup;
			children = (
				39EA02FA2A35B99F00C2EFA2 /* BookCardView.swift */,
				391849832A3707D700E34E4D /* BookRatingView.swift */,
				39D86A982A3C910C00AB028D /* NewBookEntryField.swift */,
			);
			path = elements;
			sourceTree = "<group>";
		};
		396EF34D2A3A3CE0007B46C3 /* screens */ = {
			isa = PBXGroup;
			children = (
				39B118A52A31D9DB007BAA63 /* ContentView.swift */,
				394B41C92A31E65600FB3797 /* AllBooksView.swift */,
				391849852A370A1000E34E4D /* ExploreBookView.swift */,
				3930D94A2A38720E00027A95 /* InProgressView.swift */,
				3930D94C2A3872B800027A95 /* FinishedBooksView.swift */,
				39ECAFB32A387AD6003F0E35 /* FavoriteBooksView.swift */,
				39ECAFB52A387F6F003F0E35 /* WantToReadView.swift */,
				3936EEA72A39A9C600FB2144 /* LoanedBooksListView.swift */,
				3936EEB12A39C67E00FB2144 /* UserListView.swift */,
				3936EEB32A39C7A400FB2144 /* NewListView.swift */,
			);
			path = screens;
			sourceTree = "<group>";
		};
		396EF34E2A3A3D1D007B46C3 /* utility */ = {
			isa = PBXGroup;
			children = (
				390FE1062A34694700E3A84E /* LibraryDataModel.xcdatamodeld */,
				390FE12F2A34715000E3A84E /* DataController.swift */,
				396EF3472A3A3880007B46C3 /* DataModel.swift */,
				3904AFE02A3B1370004FE94C /* AverageColorExtension.swift */,
			);
			path = utility;
			sourceTree = "<group>";
		};
		39B118972A31D9DB007BAA63 = {
			isa = PBXGroup;
			children = (
				39B118A22A31D9DB007BAA63 /* HomeShelf */,
				39B118B42A31D9DE007BAA63 /* HomeShelfTests */,
				39B118BE2A31D9DE007BAA63 /* HomeShelfUITests */,
				39B118A12A31D9DB007BAA63 /* Products */,
			);
			sourceTree = "<group>";
		};
		39B118A12A31D9DB007BAA63 /* Products */ = {
			isa = PBXGroup;
			children = (
				39B118A02A31D9DB007BAA63 /* HomeShelf.app */,
				39B118B12A31D9DE007BAA63 /* HomeShelfTests.xctest */,
				39B118BB2A31D9DE007BAA63 /* HomeShelfUITests.xctest */,
			);
			name = Products;
			sourceTree = "<group>";
		};
		39B118A22A31D9DB007BAA63 /* HomeShelf */ = {
			isa = PBXGroup;
			children = (
				396EF3492A3A3BF4007B46C3 /* entities */,
				39B118A32A31D9DB007BAA63 /* HomeShelfApp.swift */,
				39B118A72A31D9DD007BAA63 /* Assets.xcassets */,
				39B118AC2A31D9DD007BAA63 /* HomeShelf.entitlements */,
				39B118A92A31D9DD007BAA63 /* Preview Content */,
				396EF34A2A3A3C1E007B46C3 /* views */,
				396EF34E2A3A3D1D007B46C3 /* utility */,
			);
			path = HomeShelf;
			sourceTree = "<group>";
		};
		39B118A92A31D9DD007BAA63 /* Preview Content */ = {
			isa = PBXGroup;
			children = (
				39B118AA2A31D9DD007BAA63 /* Preview Assets.xcassets */,
			);
			path = "Preview Content";
			sourceTree = "<group>";
		};
		39B118B42A31D9DE007BAA63 /* HomeShelfTests */ = {
			isa = PBXGroup;
			children = (
				39B118B52A31D9DE007BAA63 /* HomeShelfTests.swift */,
			);
			path = HomeShelfTests;
			sourceTree = "<group>";
		};
		39B118BE2A31D9DE007BAA63 /* HomeShelfUITests */ = {
			isa = PBXGroup;
			children = (
				39B118BF2A31D9DE007BAA63 /* HomeShelfUITests.swift */,
				39B118C12A31D9DE007BAA63 /* HomeShelfUITestsLaunchTests.swift */,
			);
			path = HomeShelfUITests;
			sourceTree = "<group>";
		};
		39D86A952A3C89BF00AB028D /* view_models */ = {
			isa = PBXGroup;
			children = (
				39D86A962A3C89D900AB028D /* NewBookViewModel.swift */,
			);
			path = view_models;
			sourceTree = "<group>";
		};
/* End PBXGroup section */

/* Begin PBXNativeTarget section */
		39B1189F2A31D9DB007BAA63 /* HomeShelf */ = {
			isa = PBXNativeTarget;
			buildConfigurationList = 39B118C52A31D9DE007BAA63 /* Build configuration list for PBXNativeTarget "HomeShelf" */;
			buildPhases = (
				39B1189C2A31D9DB007BAA63 /* Sources */,
				39B1189D2A31D9DB007BAA63 /* Frameworks */,
				39B1189E2A31D9DB007BAA63 /* Resources */,
			);
			buildRules = (
			);
			dependencies = (
			);
			name = HomeShelf;
			productName = HomeShelf;
			productReference = 39B118A02A31D9DB007BAA63 /* HomeShelf.app */;
			productType = "com.apple.product-type.application";
		};
		39B118B02A31D9DE007BAA63 /* HomeShelfTests */ = {
			isa = PBXNativeTarget;
			buildConfigurationList = 39B118C82A31D9DE007BAA63 /* Build configuration list for PBXNativeTarget "HomeShelfTests" */;
			buildPhases = (
				39B118AD2A31D9DE007BAA63 /* Sources */,
				39B118AE2A31D9DE007BAA63 /* Frameworks */,
				39B118AF2A31D9DE007BAA63 /* Resources */,
			);
			buildRules = (
			);
			dependencies = (
				39B118B32A31D9DE007BAA63 /* PBXTargetDependency */,
			);
			name = HomeShelfTests;
			productName = HomeShelfTests;
			productReference = 39B118B12A31D9DE007BAA63 /* HomeShelfTests.xctest */;
			productType = "com.apple.product-type.bundle.unit-test";
		};
		39B118BA2A31D9DE007BAA63 /* HomeShelfUITests */ = {
			isa = PBXNativeTarget;
			buildConfigurationList = 39B118CB2A31D9DE007BAA63 /* Build configuration list for PBXNativeTarget "HomeShelfUITests" */;
			buildPhases = (
				39B118B72A31D9DE007BAA63 /* Sources */,
				39B118B82A31D9DE007BAA63 /* Frameworks */,
				39B118B92A31D9DE007BAA63 /* Resources */,
			);
			buildRules = (
			);
			dependencies = (
				39B118BD2A31D9DE007BAA63 /* PBXTargetDependency */,
			);
			name = HomeShelfUITests;
			productName = HomeShelfUITests;
			productReference = 39B118BB2A31D9DE007BAA63 /* HomeShelfUITests.xctest */;
			productType = "com.apple.product-type.bundle.ui-testing";
		};
/* End PBXNativeTarget section */

/* Begin PBXProject section */
		39B118982A31D9DB007BAA63 /* Project object */ = {
			isa = PBXProject;
			attributes = {
				BuildIndependentTargetsInParallel = 1;
				LastSwiftUpdateCheck = 1420;
				LastUpgradeCheck = 1420;
				TargetAttributes = {
					39B1189F2A31D9DB007BAA63 = {
						CreatedOnToolsVersion = 14.2;
					};
					39B118B02A31D9DE007BAA63 = {
						CreatedOnToolsVersion = 14.2;
						TestTargetID = 39B1189F2A31D9DB007BAA63;
					};
					39B118BA2A31D9DE007BAA63 = {
						CreatedOnToolsVersion = 14.2;
						TestTargetID = 39B1189F2A31D9DB007BAA63;
					};
				};
			};
			buildConfigurationList = 39B1189B2A31D9DB007BAA63 /* Build configuration list for PBXProject "HomeShelf" */;
			compatibilityVersion = "Xcode 14.0";
			developmentRegion = en;
			hasScannedForEncodings = 0;
			knownRegions = (
				en,
				Base,
			);
			mainGroup = 39B118972A31D9DB007BAA63;
			productRefGroup = 39B118A12A31D9DB007BAA63 /* Products */;
			projectDirPath = "";
			projectRoot = "";
			targets = (
				39B1189F2A31D9DB007BAA63 /* HomeShelf */,
				39B118B02A31D9DE007BAA63 /* HomeShelfTests */,
				39B118BA2A31D9DE007BAA63 /* HomeShelfUITests */,
			);
		};
/* End PBXProject section */

/* Begin PBXResourcesBuildPhase section */
		39B1189E2A31D9DB007BAA63 /* Resources */ = {
			isa = PBXResourcesBuildPhase;
			buildActionMask = 2147483647;
			files = (
				39B118AB2A31D9DD007BAA63 /* Preview Assets.xcassets in Resources */,
				39B118A82A31D9DD007BAA63 /* Assets.xcassets in Resources */,
			);
			runOnlyForDeploymentPostprocessing = 0;
		};
		39B118AF2A31D9DE007BAA63 /* Resources */ = {
			isa = PBXResourcesBuildPhase;
			buildActionMask = 2147483647;
			files = (
			);
			runOnlyForDeploymentPostprocessing = 0;
		};
		39B118B92A31D9DE007BAA63 /* Resources */ = {
			isa = PBXResourcesBuildPhase;
			buildActionMask = 2147483647;
			files = (
			);
			runOnlyForDeploymentPostprocessing = 0;
		};
/* End PBXResourcesBuildPhase section */

/* Begin PBXSourcesBuildPhase section */
		39B1189C2A31D9DB007BAA63 /* Sources */ = {
			isa = PBXSourcesBuildPhase;
			buildActionMask = 2147483647;
			files = (
				391849842A3707D700E34E4D /* BookRatingView.swift in Sources */,
				390BE4812A3A29B2004B1716 /* UserListEntity+CoreDataClass.swift in Sources */,
				390FE1082A34694700E3A84E /* LibraryDataModel.xcdatamodeld in Sources */,
				39EA02FB2A35B99F00C2EFA2 /* BookCardView.swift in Sources */,
				390BE4822A3A29B2004B1716 /* UserListEntity+CoreDataProperties.swift in Sources */,
				396EF3482A3A3880007B46C3 /* DataModel.swift in Sources */,
				39ED86782A33304E001F7580 /* NewBookView.swift in Sources */,
				3930D94B2A38720E00027A95 /* InProgressView.swift in Sources */,
				390FE1302A34715000E3A84E /* DataController.swift in Sources */,
				3936EEB22A39C67E00FB2144 /* UserListView.swift in Sources */,
				3936EEB42A39C7A400FB2144 /* NewListView.swift in Sources */,
				3904AFE12A3B1370004FE94C /* AverageColorExtension.swift in Sources */,
				390BE4802A3A29B2004B1716 /* BookEntity+CoreDataProperties.swift in Sources */,
				3930D9492A38673C00027A95 /* ReviewEditView.swift in Sources */,
				394CC9F62A37829200994E32 /* ProgressEditView.swift in Sources */,
				3930D94D2A3872B800027A95 /* FinishedBooksView.swift in Sources */,
				39D86A972A3C89D900AB028D /* NewBookViewModel.swift in Sources */,
				39B118A62A31D9DB007BAA63 /* ContentView.swift in Sources */,
				3936EEA62A39A63F00FB2144 /* LoanBookView.swift in Sources */,
				390BE47F2A3A29B2004B1716 /* BookEntity+CoreDataClass.swift in Sources */,
				390BE4842A3A2B2E004B1716 /* AddBookToCustomListView.swift in Sources */,
				39D86A992A3C910C00AB028D /* NewBookEntryField.swift in Sources */,
				3936EEA82A39A9C600FB2144 /* LoanedBooksListView.swift in Sources */,
				39ECAFB62A387F6F003F0E35 /* WantToReadView.swift in Sources */,
				39ECAFB42A387AD6003F0E35 /* FavoriteBooksView.swift in Sources */,
				39B118A42A31D9DB007BAA63 /* HomeShelfApp.swift in Sources */,
				391849862A370A1000E34E4D /* ExploreBookView.swift in Sources */,
				394B41CA2A31E65600FB3797 /* AllBooksView.swift in Sources */,
			);
			runOnlyForDeploymentPostprocessing = 0;
		};
		39B118AD2A31D9DE007BAA63 /* Sources */ = {
			isa = PBXSourcesBuildPhase;
			buildActionMask = 2147483647;
			files = (
				39B118B62A31D9DE007BAA63 /* HomeShelfTests.swift in Sources */,
			);
			runOnlyForDeploymentPostprocessing = 0;
		};
		39B118B72A31D9DE007BAA63 /* Sources */ = {
			isa = PBXSourcesBuildPhase;
			buildActionMask = 2147483647;
			files = (
				39B118C22A31D9DE007BAA63 /* HomeShelfUITestsLaunchTests.swift in Sources */,
				39B118C02A31D9DE007BAA63 /* HomeShelfUITests.swift in Sources */,
			);
			runOnlyForDeploymentPostprocessing = 0;
		};
/* End PBXSourcesBuildPhase section */

/* Begin PBXTargetDependency section */
		39B118B32A31D9DE007BAA63 /* PBXTargetDependency */ = {
			isa = PBXTargetDependency;
			target = 39B1189F2A31D9DB007BAA63 /* HomeShelf */;
			targetProxy = 39B118B22A31D9DE007BAA63 /* PBXContainerItemProxy */;
		};
		39B118BD2A31D9DE007BAA63 /* PBXTargetDependency */ = {
			isa = PBXTargetDependency;
			target = 39B1189F2A31D9DB007BAA63 /* HomeShelf */;
			targetProxy = 39B118BC2A31D9DE007BAA63 /* PBXContainerItemProxy */;
		};
/* End PBXTargetDependency section */

/* Begin XCBuildConfiguration section */
		39B118C32A31D9DE007BAA63 /* Debug */ = {
			isa = XCBuildConfiguration;
			buildSettings = {
				ALWAYS_SEARCH_USER_PATHS = NO;
				CLANG_ANALYZER_NONNULL = YES;
				CLANG_ANALYZER_NUMBER_OBJECT_CONVERSION = YES_AGGRESSIVE;
				CLANG_CXX_LANGUAGE_STANDARD = "gnu++20";
				CLANG_ENABLE_MODULES = YES;
				CLANG_ENABLE_OBJC_ARC = YES;
				CLANG_ENABLE_OBJC_WEAK = YES;
				CLANG_WARN_BLOCK_CAPTURE_AUTORELEASING = YES;
				CLANG_WARN_BOOL_CONVERSION = YES;
				CLANG_WARN_COMMA = YES;
				CLANG_WARN_CONSTANT_CONVERSION = YES;
				CLANG_WARN_DEPRECATED_OBJC_IMPLEMENTATIONS = YES;
				CLANG_WARN_DIRECT_OBJC_ISA_USAGE = YES_ERROR;
				CLANG_WARN_DOCUMENTATION_COMMENTS = YES;
				CLANG_WARN_EMPTY_BODY = YES;
				CLANG_WARN_ENUM_CONVERSION = YES;
				CLANG_WARN_INFINITE_RECURSION = YES;
				CLANG_WARN_INT_CONVERSION = YES;
				CLANG_WARN_NON_LITERAL_NULL_CONVERSION = YES;
				CLANG_WARN_OBJC_IMPLICIT_RETAIN_SELF = YES;
				CLANG_WARN_OBJC_LITERAL_CONVERSION = YES;
				CLANG_WARN_OBJC_ROOT_CLASS = YES_ERROR;
				CLANG_WARN_QUOTED_INCLUDE_IN_FRAMEWORK_HEADER = YES;
				CLANG_WARN_RANGE_LOOP_ANALYSIS = YES;
				CLANG_WARN_STRICT_PROTOTYPES = YES;
				CLANG_WARN_SUSPICIOUS_MOVE = YES;
				CLANG_WARN_UNGUARDED_AVAILABILITY = YES_AGGRESSIVE;
				CLANG_WARN_UNREACHABLE_CODE = YES;
				CLANG_WARN__DUPLICATE_METHOD_MATCH = YES;
				COPY_PHASE_STRIP = NO;
				DEBUG_INFORMATION_FORMAT = dwarf;
				ENABLE_STRICT_OBJC_MSGSEND = YES;
				ENABLE_TESTABILITY = YES;
				GCC_C_LANGUAGE_STANDARD = gnu11;
				GCC_DYNAMIC_NO_PIC = NO;
				GCC_NO_COMMON_BLOCKS = YES;
				GCC_OPTIMIZATION_LEVEL = 0;
				GCC_PREPROCESSOR_DEFINITIONS = (
					"DEBUG=1",
					"$(inherited)",
				);
				GCC_WARN_64_TO_32_BIT_CONVERSION = YES;
				GCC_WARN_ABOUT_RETURN_TYPE = YES_ERROR;
				GCC_WARN_UNDECLARED_SELECTOR = YES;
				GCC_WARN_UNINITIALIZED_AUTOS = YES_AGGRESSIVE;
				GCC_WARN_UNUSED_FUNCTION = YES;
				GCC_WARN_UNUSED_VARIABLE = YES;
				MACOSX_DEPLOYMENT_TARGET = 12.6;
				MTL_ENABLE_DEBUG_INFO = INCLUDE_SOURCE;
				MTL_FAST_MATH = YES;
				ONLY_ACTIVE_ARCH = YES;
				SDKROOT = macosx;
				SWIFT_ACTIVE_COMPILATION_CONDITIONS = DEBUG;
				SWIFT_OPTIMIZATION_LEVEL = "-Onone";
			};
			name = Debug;
		};
		39B118C42A31D9DE007BAA63 /* Release */ = {
			isa = XCBuildConfiguration;
			buildSettings = {
				ALWAYS_SEARCH_USER_PATHS = NO;
				CLANG_ANALYZER_NONNULL = YES;
				CLANG_ANALYZER_NUMBER_OBJECT_CONVERSION = YES_AGGRESSIVE;
				CLANG_CXX_LANGUAGE_STANDARD = "gnu++20";
				CLANG_ENABLE_MODULES = YES;
				CLANG_ENABLE_OBJC_ARC = YES;
				CLANG_ENABLE_OBJC_WEAK = YES;
				CLANG_WARN_BLOCK_CAPTURE_AUTORELEASING = YES;
				CLANG_WARN_BOOL_CONVERSION = YES;
				CLANG_WARN_COMMA = YES;
				CLANG_WARN_CONSTANT_CONVERSION = YES;
				CLANG_WARN_DEPRECATED_OBJC_IMPLEMENTATIONS = YES;
				CLANG_WARN_DIRECT_OBJC_ISA_USAGE = YES_ERROR;
				CLANG_WARN_DOCUMENTATION_COMMENTS = YES;
				CLANG_WARN_EMPTY_BODY = YES;
				CLANG_WARN_ENUM_CONVERSION = YES;
				CLANG_WARN_INFINITE_RECURSION = YES;
				CLANG_WARN_INT_CONVERSION = YES;
				CLANG_WARN_NON_LITERAL_NULL_CONVERSION = YES;
				CLANG_WARN_OBJC_IMPLICIT_RETAIN_SELF = YES;
				CLANG_WARN_OBJC_LITERAL_CONVERSION = YES;
				CLANG_WARN_OBJC_ROOT_CLASS = YES_ERROR;
				CLANG_WARN_QUOTED_INCLUDE_IN_FRAMEWORK_HEADER = YES;
				CLANG_WARN_RANGE_LOOP_ANALYSIS = YES;
				CLANG_WARN_STRICT_PROTOTYPES = YES;
				CLANG_WARN_SUSPICIOUS_MOVE = YES;
				CLANG_WARN_UNGUARDED_AVAILABILITY = YES_AGGRESSIVE;
				CLANG_WARN_UNREACHABLE_CODE = YES;
				CLANG_WARN__DUPLICATE_METHOD_MATCH = YES;
				COPY_PHASE_STRIP = NO;
				DEBUG_INFORMATION_FORMAT = "dwarf-with-dsym";
				ENABLE_NS_ASSERTIONS = NO;
				ENABLE_STRICT_OBJC_MSGSEND = YES;
				GCC_C_LANGUAGE_STANDARD = gnu11;
				GCC_NO_COMMON_BLOCKS = YES;
				GCC_WARN_64_TO_32_BIT_CONVERSION = YES;
				GCC_WARN_ABOUT_RETURN_TYPE = YES_ERROR;
				GCC_WARN_UNDECLARED_SELECTOR = YES;
				GCC_WARN_UNINITIALIZED_AUTOS = YES_AGGRESSIVE;
				GCC_WARN_UNUSED_FUNCTION = YES;
				GCC_WARN_UNUSED_VARIABLE = YES;
				MACOSX_DEPLOYMENT_TARGET = 12.6;
				MTL_ENABLE_DEBUG_INFO = NO;
				MTL_FAST_MATH = YES;
				SDKROOT = macosx;
				SWIFT_COMPILATION_MODE = wholemodule;
				SWIFT_OPTIMIZATION_LEVEL = "-O";
			};
			name = Release;
		};
		39B118C62A31D9DE007BAA63 /* Debug */ = {
			isa = XCBuildConfiguration;
			buildSettings = {
				ASSETCATALOG_COMPILER_APPICON_NAME = AppIcon;
				ASSETCATALOG_COMPILER_GLOBAL_ACCENT_COLOR_NAME = AccentColor;
				CODE_SIGN_ENTITLEMENTS = HomeShelf/HomeShelf.entitlements;
				CODE_SIGN_STYLE = Automatic;
				COMBINE_HIDPI_IMAGES = YES;
				CURRENT_PROJECT_VERSION = 1;
				DEVELOPMENT_ASSET_PATHS = "\"HomeShelf/Preview Content\"";
				DEVELOPMENT_TEAM = YS7J2GZ4N8;
				ENABLE_HARDENED_RUNTIME = YES;
				ENABLE_PREVIEWS = YES;
				GENERATE_INFOPLIST_FILE = YES;
				INFOPLIST_KEY_CFBundleDisplayName = HomeShelf;
				INFOPLIST_KEY_LSApplicationCategoryType = "public.app-category.books";
				INFOPLIST_KEY_NSHumanReadableCopyright = "";
				LD_RUNPATH_SEARCH_PATHS = (
					"$(inherited)",
					"@executable_path/../Frameworks",
				);
				MACOSX_DEPLOYMENT_TARGET = 12.0;
				MARKETING_VERSION = 1.0;
				PRODUCT_BUNDLE_IDENTIFIER = me.nickp0is0n.HomeShelf;
				PRODUCT_NAME = "$(TARGET_NAME)";
				SWIFT_EMIT_LOC_STRINGS = YES;
				SWIFT_VERSION = 5.0;
			};
			name = Debug;
		};
		39B118C72A31D9DE007BAA63 /* Release */ = {
			isa = XCBuildConfiguration;
			buildSettings = {
				ASSETCATALOG_COMPILER_APPICON_NAME = AppIcon;
				ASSETCATALOG_COMPILER_GLOBAL_ACCENT_COLOR_NAME = AccentColor;
				CODE_SIGN_ENTITLEMENTS = HomeShelf/HomeShelf.entitlements;
				CODE_SIGN_STYLE = Automatic;
				COMBINE_HIDPI_IMAGES = YES;
				CURRENT_PROJECT_VERSION = 1;
				DEVELOPMENT_ASSET_PATHS = "\"HomeShelf/Preview Content\"";
				DEVELOPMENT_TEAM = YS7J2GZ4N8;
				ENABLE_HARDENED_RUNTIME = YES;
				ENABLE_PREVIEWS = YES;
				GENERATE_INFOPLIST_FILE = YES;
				INFOPLIST_KEY_CFBundleDisplayName = HomeShelf;
				INFOPLIST_KEY_LSApplicationCategoryType = "public.app-category.books";
				INFOPLIST_KEY_NSHumanReadableCopyright = "";
				LD_RUNPATH_SEARCH_PATHS = (
					"$(inherited)",
					"@executable_path/../Frameworks",
				);
				MACOSX_DEPLOYMENT_TARGET = 12.0;
				MARKETING_VERSION = 1.0;
				PRODUCT_BUNDLE_IDENTIFIER = me.nickp0is0n.HomeShelf;
				PRODUCT_NAME = "$(TARGET_NAME)";
				SWIFT_EMIT_LOC_STRINGS = YES;
				SWIFT_VERSION = 5.0;
			};
			name = Release;
		};
		39B118C92A31D9DE007BAA63 /* Debug */ = {
			isa = XCBuildConfiguration;
			buildSettings = {
				ALWAYS_EMBED_SWIFT_STANDARD_LIBRARIES = YES;
				BUNDLE_LOADER = "$(TEST_HOST)";
				CODE_SIGN_STYLE = Automatic;
				CURRENT_PROJECT_VERSION = 1;
				DEVELOPMENT_TEAM = YS7J2GZ4N8;
				GENERATE_INFOPLIST_FILE = YES;
				MACOSX_DEPLOYMENT_TARGET = 12.6;
				MARKETING_VERSION = 1.0;
				PRODUCT_BUNDLE_IDENTIFIER = me.nickp0is0n.HomeShelfTests;
				PRODUCT_NAME = "$(TARGET_NAME)";
				SWIFT_EMIT_LOC_STRINGS = NO;
				SWIFT_VERSION = 5.0;
				TEST_HOST = "$(BUILT_PRODUCTS_DIR)/HomeShelf.app/$(BUNDLE_EXECUTABLE_FOLDER_PATH)/HomeShelf";
			};
			name = Debug;
		};
		39B118CA2A31D9DE007BAA63 /* Release */ = {
			isa = XCBuildConfiguration;
			buildSettings = {
				ALWAYS_EMBED_SWIFT_STANDARD_LIBRARIES = YES;
				BUNDLE_LOADER = "$(TEST_HOST)";
				CODE_SIGN_STYLE = Automatic;
				CURRENT_PROJECT_VERSION = 1;
				DEVELOPMENT_TEAM = YS7J2GZ4N8;
				GENERATE_INFOPLIST_FILE = YES;
				MACOSX_DEPLOYMENT_TARGET = 12.6;
				MARKETING_VERSION = 1.0;
				PRODUCT_BUNDLE_IDENTIFIER = me.nickp0is0n.HomeShelfTests;
				PRODUCT_NAME = "$(TARGET_NAME)";
				SWIFT_EMIT_LOC_STRINGS = NO;
				SWIFT_VERSION = 5.0;
				TEST_HOST = "$(BUILT_PRODUCTS_DIR)/HomeShelf.app/$(BUNDLE_EXECUTABLE_FOLDER_PATH)/HomeShelf";
			};
			name = Release;
		};
		39B118CC2A31D9DE007BAA63 /* Debug */ = {
			isa = XCBuildConfiguration;
			buildSettings = {
				ALWAYS_EMBED_SWIFT_STANDARD_LIBRARIES = YES;
				CODE_SIGN_STYLE = Automatic;
				CURRENT_PROJECT_VERSION = 1;
				DEVELOPMENT_TEAM = YS7J2GZ4N8;
				GENERATE_INFOPLIST_FILE = YES;
				MARKETING_VERSION = 1.0;
				PRODUCT_BUNDLE_IDENTIFIER = me.nickp0is0n.HomeShelfUITests;
				PRODUCT_NAME = "$(TARGET_NAME)";
				SWIFT_EMIT_LOC_STRINGS = NO;
				SWIFT_VERSION = 5.0;
				TEST_TARGET_NAME = HomeShelf;
			};
			name = Debug;
		};
		39B118CD2A31D9DE007BAA63 /* Release */ = {
			isa = XCBuildConfiguration;
			buildSettings = {
				ALWAYS_EMBED_SWIFT_STANDARD_LIBRARIES = YES;
				CODE_SIGN_STYLE = Automatic;
				CURRENT_PROJECT_VERSION = 1;
				DEVELOPMENT_TEAM = YS7J2GZ4N8;
				GENERATE_INFOPLIST_FILE = YES;
				MARKETING_VERSION = 1.0;
				PRODUCT_BUNDLE_IDENTIFIER = me.nickp0is0n.HomeShelfUITests;
				PRODUCT_NAME = "$(TARGET_NAME)";
				SWIFT_EMIT_LOC_STRINGS = NO;
				SWIFT_VERSION = 5.0;
				TEST_TARGET_NAME = HomeShelf;
			};
			name = Release;
		};
/* End XCBuildConfiguration section */

/* Begin XCConfigurationList section */
		39B1189B2A31D9DB007BAA63 /* Build configuration list for PBXProject "HomeShelf" */ = {
			isa = XCConfigurationList;
			buildConfigurations = (
				39B118C32A31D9DE007BAA63 /* Debug */,
				39B118C42A31D9DE007BAA63 /* Release */,
			);
			defaultConfigurationIsVisible = 0;
			defaultConfigurationName = Release;
		};
		39B118C52A31D9DE007BAA63 /* Build configuration list for PBXNativeTarget "HomeShelf" */ = {
			isa = XCConfigurationList;
			buildConfigurations = (
				39B118C62A31D9DE007BAA63 /* Debug */,
				39B118C72A31D9DE007BAA63 /* Release */,
			);
			defaultConfigurationIsVisible = 0;
			defaultConfigurationName = Release;
		};
		39B118C82A31D9DE007BAA63 /* Build configuration list for PBXNativeTarget "HomeShelfTests" */ = {
			isa = XCConfigurationList;
			buildConfigurations = (
				39B118C92A31D9DE007BAA63 /* Debug */,
				39B118CA2A31D9DE007BAA63 /* Release */,
			);
			defaultConfigurationIsVisible = 0;
			defaultConfigurationName = Release;
		};
		39B118CB2A31D9DE007BAA63 /* Build configuration list for PBXNativeTarget "HomeShelfUITests" */ = {
			isa = XCConfigurationList;
			buildConfigurations = (
				39B118CC2A31D9DE007BAA63 /* Debug */,
				39B118CD2A31D9DE007BAA63 /* Release */,
			);
			defaultConfigurationIsVisible = 0;
			defaultConfigurationName = Release;
		};
/* End XCConfigurationList section */

/* Begin XCVersionGroup section */
		390FE1062A34694700E3A84E /* LibraryDataModel.xcdatamodeld */ = {
			isa = XCVersionGroup;
			children = (
				390FE1072A34694700E3A84E /* LibraryDataModel.xcdatamodel */,
			);
			currentVersion = 390FE1072A34694700E3A84E /* LibraryDataModel.xcdatamodel */;
			path = LibraryDataModel.xcdatamodeld;
			sourceTree = "<group>";
			versionGroupType = wrapper.xcdatamodel;
		};
/* End XCVersionGroup section */
	};
	rootObject = 39B118982A31D9DB007BAA63 /* Project object */;
}
